
Microsoft Visual Studio Solution File, Format Version 12.00
# Visual Studio 15
Project("{FAE04EC0-301F-11D3-BF4B-00C04F79EFBC}") = "CalificacionesAlumnos", "CalificacionesAlumnos\CalificacionesAlumnos.csproj", "{C7CE13D4-4A6F-4622-8C98-B8EEB10AF061}"
EndProject
Project("{FAE04EC0-301F-11D3-BF4B-00C04F79EFBC}") = "CalificacionesAlumnos.Tests", "CalificacionesAlumnos.Tests\CalificacionesAlumnos.Tests.csproj", "{EB772B5C-9E27-409C-A9DF-099D1783144A}"
EndProject
Global
	GlobalSection(SolutionConfigurationPlatforms) = preSolution
		Debug|Any CPU = Debug|Any CPU
		Release|Any CPU = Release|Any CPU
	EndGlobalSection
	GlobalSection(ProjectConfigurationPlatforms) = postSolution
		{C7CE13D4-4A6F-4622-8C98-B8EEB10AF061}.Debug|Any CPU.ActiveCfg = Debug|Any CPU
		{C7CE13D4-4A6F-4622-8C98-B8EEB10AF061}.Debug|Any CPU.Build.0 = Debug|Any CPU
		{C7CE13D4-4A6F-4622-8C98-B8EEB10AF061}.Release|Any CPU.ActiveCfg = Release|Any CPU
		{C7CE13D4-4A6F-4622-8C98-B8EEB10AF061}.Release|Any CPU.Build.0 = Release|Any CPU
		{EB772B5C-9E27-409C-A9DF-099D1783144A}.Debug|Any CPU.ActiveCfg = Debug|Any CPU
		{EB772B5C-9E27-409C-A9DF-099D1783144A}.Debug|Any CPU.Build.0 = Debug|Any CPU
		{EB772B5C-9E27-409C-A9DF-099D1783144A}.Release|Any CPU.ActiveCfg = Release|Any CPU
		{EB772B5C-9E27-409C-A9DF-099D1783144A}.Release|Any CPU.Build.0 = Release|Any CPU
	EndGlobalSection
EndGlobal
